
Microsoft Visual Studio Solution File, Format Version 12.00
# Visual Studio Version 16
VisualStudioVersion = 16.0.30413.136
MinimumVisualStudioVersion = 10.0.40219.1
Project("{FAE04EC0-301F-11D3-BF4B-00C04F79EFBC}") = "EightHourLater", "EightHourLater\EightHourLater.csproj", "{EB5BE2A2-DD59-4579-AAFD-E9C73C5CA555}"
EndProject
Global
	GlobalSection(SolutionConfigurationPlatforms) = preSolution
		Debug|Any CPU = Debug|Any CPU
		Release|Any CPU = Release|Any CPU
	EndGlobalSection
	GlobalSection(ProjectConfigurationPlatforms) = postSolution
		{EB5BE2A2-DD59-4579-AAFD-E9C73C5CA555}.Debug|Any CPU.ActiveCfg = Debug|Any CPU
		{EB5BE2A2-DD59-4579-AAFD-E9C73C5CA555}.Debug|Any CPU.Build.0 = Debug|Any CPU
		{EB5BE2A2-DD59-4579-AAFD-E9C73C5CA555}.Release|Any CPU.ActiveCfg = Release|Any CPU
		{EB5BE2A2-DD59-4579-AAFD-E9C73C5CA555}.Release|Any CPU.Build.0 = Release|Any CPU
	EndGlobalSection
	GlobalSection(SolutionProperties) = preSolution
		HideSolutionNode = FALSE
	EndGlobalSection
	GlobalSection(ExtensibilityGlobals) = postSolution
		SolutionGuid = {13A71381-1A0B-4241-A84A-E448EE83704D}
	EndGlobalSection
EndGlobal
